
Microsoft Visual Studio Solution File, Format Version 12.00
# Visual Studio 2012
Project("{FAE04EC0-301F-11D3-BF4B-00C04F79EFBC}") = "MvcSA", "MvcSA\MvcSA.csproj", "{151B14A7-CD60-47EF-AE83-48F8BFB252D1}"
EndProject
Project("{FAE04EC0-301F-11D3-BF4B-00C04F79EFBC}") = "SAEmailReminder", "SAEmailReminder\SAEmailReminder.csproj", "{A27B7359-4C0E-410D-8E53-CD697946AF6E}"
EndProject
Global
	GlobalSection(SolutionConfigurationPlatforms) = preSolution
		Debug|Any CPU = Debug|Any CPU
		Release|Any CPU = Release|Any CPU
	EndGlobalSection
	GlobalSection(ProjectConfigurationPlatforms) = postSolution
		{151B14A7-CD60-47EF-AE83-48F8BFB252D1}.Debug|Any CPU.ActiveCfg = Debug|Any CPU
		{151B14A7-CD60-47EF-AE83-48F8BFB252D1}.Debug|Any CPU.Build.0 = Debug|Any CPU
		{151B14A7-CD60-47EF-AE83-48F8BFB252D1}.Release|Any CPU.ActiveCfg = Release|Any CPU
		{151B14A7-CD60-47EF-AE83-48F8BFB252D1}.Release|Any CPU.Build.0 = Release|Any CPU
		{A27B7359-4C0E-410D-8E53-CD697946AF6E}.Debug|Any CPU.ActiveCfg = Debug|Any CPU
		{A27B7359-4C0E-410D-8E53-CD697946AF6E}.Debug|Any CPU.Build.0 = Debug|Any CPU
		{A27B7359-4C0E-410D-8E53-CD697946AF6E}.Release|Any CPU.ActiveCfg = Release|Any CPU
		{A27B7359-4C0E-410D-8E53-CD697946AF6E}.Release|Any CPU.Build.0 = Release|Any CPU
	EndGlobalSection
	GlobalSection(SolutionProperties) = preSolution
		HideSolutionNode = FALSE
	EndGlobalSection
EndGlobal
